# This file is autogenerated, do not edit; changes may be undone by the next 'dep ensure'.


[[projects]]
  name = "github.com/Sirupsen/logrus"
  packages = ["."]
  revision = "ba1b36c82c5e05c4f912a88eab0dcd91a171688f"
  version = "v0.11.5"

[[projects]]
  name = "github.com/prometheus/common"
  packages = ["log"]
  revision = "13ba4ddd0caa9c28ca7b7bffe1dfa9ed8d5ef207"

[[projects]]
  name = "github.com/satori/go.uuid"
  packages = ["."]
  revision = "879c5887cd475cd7864858769793b2ceb0d44feb"
  version = "v1.1.0"

[[projects]]
  name = "golang.org/x/crypto"
  packages = [
    "curve25519",
    "ed25519",
    "ed25519/internal/edwards25519",
    "ssh",
    "ssh/terminal"
  ]
  revision = "e7ba82683099cae71475961448ab8f903ea77c26"

[[projects]]
  name = "golang.org/x/sys"
  packages = [
    "unix",
    "windows",
    "windows/registry",
    "windows/svc/eventlog"
  ]
  revision = "0b25a408a50076fbbcae6b7ac0ea5fbb0b085e79"

[solve-meta]
  analyzer-name = "dep"
  analyzer-version = 1
  inputs-digest = "27143cfe4624fa7748f95dd4417036395e5914cf57e35c56908fc00a640b88c0"
  solver-name = "gps-cdcl"
  solver-version = 1
